// !$*UTF8*$!
{
	archiveVersion = 1;
	classes = {
	};
	objectVersion = 46;
	objects = {

/* Begin PBXBuildFile section */
		1E80D3171D996A18001BF6F8 /* AppDelegate.swift in Sources */ = {isa = PBXBuildFile; fileRef = 1E80D3161D996A18001BF6F8 /* AppDelegate.swift */; };
		1E80D3191D996A18001BF6F8 /* ViewController.swift in Sources */ = {isa = PBXBuildFile; fileRef = 1E80D3181D996A18001BF6F8 /* ViewController.swift */; };
		1E80D31C1D996A18001BF6F8 /* Main.storyboard in Resources */ = {isa = PBXBuildFile; fileRef = 1E80D31A1D996A18001BF6F8 /* Main.storyboard */; };
		1E80D31F1D996A18001BF6F8 /* diagnostico_empresarial.xcdatamodeld in Sources */ = {isa = PBXBuildFile; fileRef = 1E80D31D1D996A18001BF6F8 /* diagnostico_empresarial.xcdatamodeld */; };
		1E80D3211D996A18001BF6F8 /* Assets.xcassets in Resources */ = {isa = PBXBuildFile; fileRef = 1E80D3201D996A18001BF6F8 /* Assets.xcassets */; };
		1E80D3241D996A18001BF6F8 /* LaunchScreen.storyboard in Resources */ = {isa = PBXBuildFile; fileRef = 1E80D3221D996A18001BF6F8 /* LaunchScreen.storyboard */; };
/* End PBXBuildFile section */

/* Begin PBXFileReference section */
		1E80D3131D996A18001BF6F8 /* diagnostico-empresarial.app */ = {isa = PBXFileReference; explicitFileType = wrapper.application; includeInIndex = 0; path = "diagnostico-empresarial.app"; sourceTree = BUILT_PRODUCTS_DIR; };
		1E80D3161D996A18001BF6F8 /* AppDelegate.swift */ = {isa = PBXFileReference; lastKnownFileType = sourcecode.swift; path = AppDelegate.swift; sourceTree = "<group>"; };
		1E80D3181D996A18001BF6F8 /* ViewController.swift */ = {isa = PBXFileReference; lastKnownFileType = sourcecode.swift; path = ViewController.swift; sourceTree = "<group>"; };
		1E80D31B1D996A18001BF6F8 /* Base */ = {isa = PBXFileReference; lastKnownFileType = file.storyboard; name = Base; path = Base.lproj/Main.storyboard; sourceTree = "<group>"; };
		1E80D31E1D996A18001BF6F8 /* diagnostico_empresarial.xcdatamodel */ = {isa = PBXFileReference; lastKnownFileType = wrapper.xcdatamodel; path = diagnostico_empresarial.xcdatamodel; sourceTree = "<group>"; };
		1E80D3201D996A18001BF6F8 /* Assets.xcassets */ = {isa = PBXFileReference; lastKnownFileType = folder.assetcatalog; path = Assets.xcassets; sourceTree = "<group>"; };
		1E80D3231D996A18001BF6F8 /* Base */ = {isa = PBXFileReference; lastKnownFileType = file.storyboard; name = Base; path = Base.lproj/LaunchScreen.storyboard; sourceTree = "<group>"; };
		1E80D3251D996A19001BF6F8 /* Info.plist */ = {isa = PBXFileReference; lastKnownFileType = text.plist.xml; path = Info.plist; sourceTree = "<group>"; };
/* End PBXFileReference section */

/* Begin PBXFrameworksBuildPhase section */
		1E80D3101D996A18001BF6F8 /* Frameworks */ = {
			isa = PBXFrameworksBuildPhase;
			buildActionMask = 2147483647;
			files = (
			);
			runOnlyForDeploymentPostprocessing = 0;
		};
/* End PBXFrameworksBuildPhase section */

/* Begin PBXGroup section */
		1E80D30A1D996A17001BF6F8 = {
			isa = PBXGroup;
			children = (
				1E80D3151D996A18001BF6F8 /* diagnostico-empresarial */,
				1E80D3141D996A18001BF6F8 /* Products */,
			);
			sourceTree = "<group>";
		};
		1E80D3141D996A18001BF6F8 /* Products */ = {
			isa = PBXGroup;
			children = (
				1E80D3131D996A18001BF6F8 /* diagnostico-empresarial.app */,
			);
			name = Products;
			sourceTree = "<group>";
		};
		1E80D3151D996A18001BF6F8 /* diagnostico-empresarial */ = {
			isa = PBXGroup;
			children = (
				1E80D3161D996A18001BF6F8 /* AppDelegate.swift */,
				1E80D3181D996A18001BF6F8 /* ViewController.swift */,
				1E80D31A1D996A18001BF6F8 /* Main.storyboard */,
				1E80D3201D996A18001BF6F8 /* Assets.xcassets */,
				1E80D3221D996A18001BF6F8 /* LaunchScreen.storyboard */,
				1E80D3251D996A19001BF6F8 /* Info.plist */,
				1E80D31D1D996A18001BF6F8 /* diagnostico_empresarial.xcdatamodeld */,
			);
			path = "diagnostico-empresarial";
			sourceTree = "<group>";
		};
/* End PBXGroup section */

/* Begin PBXNativeTarget section */
		1E80D3121D996A18001BF6F8 /* diagnostico-empresarial */ = {
			isa = PBXNativeTarget;
			buildConfigurationList = 1E80D3281D996A19001BF6F8 /* Build configuration list for PBXNativeTarget "diagnostico-empresarial" */;
			buildPhases = (
				1E80D30F1D996A18001BF6F8 /* Sources */,
				1E80D3101D996A18001BF6F8 /* Frameworks */,
				1E80D3111D996A18001BF6F8 /* Resources */,
			);
			buildRules = (
			);
			dependencies = (
			);
			name = "diagnostico-empresarial";
			productName = "diagnostico-empresarial";
			productReference = 1E80D3131D996A18001BF6F8 /* diagnostico-empresarial.app */;
			productType = "com.apple.product-type.application";
		};
/* End PBXNativeTarget section */

/* Begin PBXProject section */
		1E80D30B1D996A17001BF6F8 /* Project object */ = {
			isa = PBXProject;
			attributes = {
				LastSwiftUpdateCheck = 0730;
				LastUpgradeCheck = 0730;
				ORGANIZATIONNAME = ipae;
				TargetAttributes = {
					1E80D3121D996A18001BF6F8 = {
						CreatedOnToolsVersion = 7.3;
					};
				};
			};
			buildConfigurationList = 1E80D30E1D996A17001BF6F8 /* Build configuration list for PBXProject "diagnostico-empresarial" */;
			compatibilityVersion = "Xcode 3.2";
			developmentRegion = English;
			hasScannedForEncodings = 0;
			knownRegions = (
				en,
				Base,
			);
			mainGroup = 1E80D30A1D996A17001BF6F8;
			productRefGroup = 1E80D3141D996A18001BF6F8 /* Products */;
			projectDirPath = "";
			projectRoot = "";
			targets = (
				1E80D3121D996A18001BF6F8 /* diagnostico-empresarial */,
			);
		};
/* End PBXProject section */

/* Begin PBXResourcesBuildPhase section */
		1E80D3111D996A18001BF6F8 /* Resources */ = {
			isa = PBXResourcesBuildPhase;
			buildActionMask = 2147483647;
			files = (
				1E80D3241D996A18001BF6F8 /* LaunchScreen.storyboard in Resources */,
				1E80D3211D996A18001BF6F8 /* Assets.xcassets in Resources */,
				1E80D31C1D996A18001BF6F8 /* Main.storyboard in Resources */,
			);
			runOnlyForDeploymentPostprocessing = 0;
		};
/* End PBXResourcesBuildPhase section */

/* Begin PBXSourcesBuildPhase section */
		1E80D30F1D996A18001BF6F8 /* Sources */ = {
			isa = PBXSourcesBuildPhase;
			buildActionMask = 2147483647;
			files = (
				1E80D3191D996A18001BF6F8 /* ViewController.swift in Sources */,
				1E80D31F1D996A18001BF6F8 /* diagnostico_empresarial.xcdatamodeld in Sources */,
				1E80D3171D996A18001BF6F8 /* AppDelegate.swift in Sources */,
			);
			runOnlyForDeploymentPostprocessing = 0;
		};
/* End PBXSourcesBuildPhase section */

/* Begin PBXVariantGroup section */
		1E80D31A1D996A18001BF6F8 /* Main.storyboard */ = {
			isa = PBXVariantGroup;
			children = (
				1E80D31B1D996A18001BF6F8 /* Base */,
			);
			name = Main.storyboard;
			sourceTree = "<group>";
		};
		1E80D3221D996A18001BF6F8 /* LaunchScreen.storyboard */ = {
			isa = PBXVariantGroup;
			children = (
				1E80D3231D996A18001BF6F8 /* Base */,
			);
			name = LaunchScreen.storyboard;
			sourceTree = "<group>";
		};
/* End PBXVariantGroup section */

/* Begin XCBuildConfiguration section */
		1E80D3261D996A19001BF6F8 /* Debug */ = {
			isa = XCBuildConfiguration;
			buildSettings = {
				ALWAYS_SEARCH_USER_PATHS = NO;
				CLANG_ANALYZER_NONNULL = YES;
				CLANG_CXX_LANGUAGE_STANDARD = "gnu++0x";
				CLANG_CXX_LIBRARY = "libc++";
				CLANG_ENABLE_MODULES = YES;
				CLANG_ENABLE_OBJC_ARC = YES;
				CLANG_WARN_BOOL_CONVERSION = YES;
				CLANG_WARN_CONSTANT_CONVERSION = YES;
				CLANG_WARN_DIRECT_OBJC_ISA_USAGE = YES_ERROR;
				CLANG_WARN_EMPTY_BODY = YES;
				CLANG_WARN_ENUM_CONVERSION = YES;
				CLANG_WARN_INT_CONVERSION = YES;
				CLANG_WARN_OBJC_ROOT_CLASS = YES_ERROR;
				CLANG_WARN_UNREACHABLE_CODE = YES;
				CLANG_WARN__DUPLICATE_METHOD_MATCH = YES;
				"CODE_SIGN_IDENTITY[sdk=iphoneos*]" = "iPhone Developer";
				COPY_PHASE_STRIP = NO;
				DEBUG_INFORMATION_FORMAT = dwarf;
				ENABLE_STRICT_OBJC_MSGSEND = YES;
				ENABLE_TESTABILITY = YES;
				GCC_C_LANGUAGE_STANDARD = gnu99;
				GCC_DYNAMIC_NO_PIC = NO;
				GCC_NO_COMMON_BLOCKS = YES;
				GCC_OPTIMIZATION_LEVEL = 0;
				GCC_PREPROCESSOR_DEFINITIONS = (
					"DEBUG=1",
					"$(inherited)",
				);
				GCC_WARN_64_TO_32_BIT_CONVERSION = YES;
				GCC_WARN_ABOUT_RETURN_TYPE = YES_ERROR;
				GCC_WARN_UNDECLARED_SELECTOR = YES;
				GCC_WARN_UNINITIALIZED_AUTOS = YES_AGGRESSIVE;
				GCC_WARN_UNUSED_FUNCTION = YES;
				GCC_WARN_UNUSED_VARIABLE = YES;
				IPHONEOS_DEPLOYMENT_TARGET = 9.3;
				MTL_ENABLE_DEBUG_INFO = YES;
				ONLY_ACTIVE_ARCH = YES;
				SDKROOT = iphoneos;
				SWIFT_OPTIMIZATION_LEVEL = "-Onone";
				TARGETED_DEVICE_FAMILY = "1,2";
			};
			name = Debug;
		};
		1E80D3271D996A19001BF6F8 /* Release */ = {
			isa = XCBuildConfiguration;
			buildSettings = {
				ALWAYS_SEARCH_USER_PATHS = NO;
				CLANG_ANALYZER_NONNULL = YES;
				CLANG_CXX_LANGUAGE_STANDARD = "gnu++0x";
				CLANG_CXX_LIBRARY = "libc++";
				CLANG_ENABLE_MODULES = YES;
				CLANG_ENABLE_OBJC_ARC = YES;
				CLANG_WARN_BOOL_CONVERSION = YES;
				CLANG_WARN_CONSTANT_CONVERSION = YES;
				CLANG_WARN_DIRECT_OBJC_ISA_USAGE = YES_ERROR;
				CLANG_WARN_EMPTY_BODY = YES;
				CLANG_WARN_ENUM_CONVERSION = YES;
				CLANG_WARN_INT_CONVERSION = YES;
				CLANG_WARN_OBJC_ROOT_CLASS = YES_ERROR;
				CLANG_WARN_UNREACHABLE_CODE = YES;
				CLANG_WARN__DUPLICATE_METHOD_MATCH = YES;
				"CODE_SIGN_IDENTITY[sdk=iphoneos*]" = "iPhone Developer";
				COPY_PHASE_STRIP = NO;
				DEBUG_INFORMATION_FORMAT = "dwarf-with-dsym";
				ENABLE_NS_ASSERTIONS = NO;
				ENABLE_STRICT_OBJC_MSGSEND = YES;
				GCC_C_LANGUAGE_STANDARD = gnu99;
				GCC_NO_COMMON_BLOCKS = YES;
				GCC_WARN_64_TO_32_BIT_CONVERSION = YES;
				GCC_WARN_ABOUT_RETURN_TYPE = YES_ERROR;
				GCC_WARN_UNDECLARED_SELECTOR = YES;
				GCC_WARN_UNINITIALIZED_AUTOS = YES_AGGRESSIVE;
				GCC_WARN_UNUSED_FUNCTION = YES;
				GCC_WARN_UNUSED_VARIABLE = YES;
				IPHONEOS_DEPLOYMENT_TARGET = 9.3;
				MTL_ENABLE_DEBUG_INFO = NO;
				SDKROOT = iphoneos;
				TARGETED_DEVICE_FAMILY = "1,2";
				VALIDATE_PRODUCT = YES;
			};
			name = Release;
		};
		1E80D3291D996A19001BF6F8 /* Debug */ = {
			isa = XCBuildConfiguration;
			buildSettings = {
				ASSETCATALOG_COMPILER_APPICON_NAME = AppIcon;
				INFOPLIST_FILE = "diagnostico-empresarial/Info.plist";
				LD_RUNPATH_SEARCH_PATHS = "$(inherited) @executable_path/Frameworks";
				PRODUCT_BUNDLE_IDENTIFIER = "pe.ipae.diagnostico-empresarial";
				PRODUCT_NAME = "$(TARGET_NAME)";
			};
			name = Debug;
		};
		1E80D32A1D996A19001BF6F8 /* Release */ = {
			isa = XCBuildConfiguration;
			buildSettings = {
				ASSETCATALOG_COMPILER_APPICON_NAME = AppIcon;
				INFOPLIST_FILE = "diagnostico-empresarial/Info.plist";
				LD_RUNPATH_SEARCH_PATHS = "$(inherited) @executable_path/Frameworks";
				PRODUCT_BUNDLE_IDENTIFIER = "pe.ipae.diagnostico-empresarial";
				PRODUCT_NAME = "$(TARGET_NAME)";
			};
			name = Release;
		};
/* End XCBuildConfiguration section */

/* Begin XCConfigurationList section */
		1E80D30E1D996A17001BF6F8 /* Build configuration list for PBXProject "diagnostico-empresarial" */ = {
			isa = XCConfigurationList;
			buildConfigurations = (
				1E80D3261D996A19001BF6F8 /* Debug */,
				1E80D3271D996A19001BF6F8 /* Release */,
			);
			defaultConfigurationIsVisible = 0;
			defaultConfigurationName = Release;
		};
		1E80D3281D996A19001BF6F8 /* Build configuration list for PBXNativeTarget "diagnostico-empresarial" */ = {
			isa = XCConfigurationList;
			buildConfigurations = (
				1E80D3291D996A19001BF6F8 /* Debug */,
				1E80D32A1D996A19001BF6F8 /* Release */,
			);
			defaultConfigurationIsVisible = 0;
		};
/* End XCConfigurationList section */

/* Begin XCVersionGroup section */
		1E80D31D1D996A18001BF6F8 /* diagnostico_empresarial.xcdatamodeld */ = {
			isa = XCVersionGroup;
			children = (
				1E80D31E1D996A18001BF6F8 /* diagnostico_empresarial.xcdatamodel */,
			);
			currentVersion = 1E80D31E1D996A18001BF6F8 /* diagnostico_empresarial.xcdatamodel */;
			path = diagnostico_empresarial.xcdatamodeld;
			sourceTree = "<group>";
			versionGroupType = wrapper.xcdatamodel;
		};
/* End XCVersionGroup section */
	};
	rootObject = 1E80D30B1D996A17001BF6F8 /* Project object */;
}
